
Microsoft Visual Studio Solution File, Format Version 12.00
# Visual Studio 15
VisualStudioVersion = 15.0.28010.2036
MinimumVisualStudioVersion = 10.0.40219.1
Project("{FAE04EC0-301F-11D3-BF4B-00C04F79EFBC}") = "Soundboard", "Soundboard\Soundboard.csproj", "{1C2B3561-F40B-47E3-84BF-D559386C3F29}"
EndProject
Global
	GlobalSection(SolutionConfigurationPlatforms) = preSolution
		Debug|Any CPU = Debug|Any CPU
		Release|Any CPU = Release|Any CPU
	EndGlobalSection
	GlobalSection(ProjectConfigurationPlatforms) = postSolution
		{1C2B3561-F40B-47E3-84BF-D559386C3F29}.Debug|Any CPU.ActiveCfg = Debug|Any CPU
		{1C2B3561-F40B-47E3-84BF-D559386C3F29}.Debug|Any CPU.Build.0 = Debug|Any CPU
		{1C2B3561-F40B-47E3-84BF-D559386C3F29}.Release|Any CPU.ActiveCfg = Release|Any CPU
		{1C2B3561-F40B-47E3-84BF-D559386C3F29}.Release|Any CPU.Build.0 = Release|Any CPU
	EndGlobalSection
	GlobalSection(SolutionProperties) = preSolution
		HideSolutionNode = FALSE
	EndGlobalSection
	GlobalSection(ExtensibilityGlobals) = postSolution
		SolutionGuid = {83A21D5C-7276-430D-8D2A-CF97EF58E1B2}
	EndGlobalSection
EndGlobal
